
Microsoft Visual Studio Solution File, Format Version 12.00
# Visual Studio Version 16
VisualStudioVersion = 16.0.30114.105
MinimumVisualStudioVersion = 10.0.40219.1
Project("{FAE04EC0-301F-11D3-BF4B-00C04F79EFBC}") = "Projeto.ConsoleApp", "Projeto.ConsoleApp\Projeto.ConsoleApp.csproj", "{5F6188B1-A68D-4E2C-88A9-296AF1575E94}"
EndProject
Project("{FAE04EC0-301F-11D3-BF4B-00C04F79EFBC}") = "Projeto.LogicaNegocio", "Projeto.LogicaNegocio\Projeto.LogicaNegocio.csproj", "{644E2B95-4A51-457B-B3B2-564BC650D9CC}"
EndProject
Project("{FAE04EC0-301F-11D3-BF4B-00C04F79EFBC}") = "Projeto.Tests", "Projeto.Tests\Projeto.Tests.csproj", "{580FF783-DCF2-4BC2-BBCD-FA81EA5EC173}"
EndProject
Global
	GlobalSection(SolutionConfigurationPlatforms) = preSolution
		Debug|Any CPU = Debug|Any CPU
		Release|Any CPU = Release|Any CPU
	EndGlobalSection
	GlobalSection(SolutionProperties) = preSolution
		HideSolutionNode = FALSE
	EndGlobalSection
	GlobalSection(ProjectConfigurationPlatforms) = postSolution
		{5F6188B1-A68D-4E2C-88A9-296AF1575E94}.Debug|Any CPU.ActiveCfg = Debug|Any CPU
		{5F6188B1-A68D-4E2C-88A9-296AF1575E94}.Debug|Any CPU.Build.0 = Debug|Any CPU
		{5F6188B1-A68D-4E2C-88A9-296AF1575E94}.Release|Any CPU.ActiveCfg = Release|Any CPU
		{5F6188B1-A68D-4E2C-88A9-296AF1575E94}.Release|Any CPU.Build.0 = Release|Any CPU
		{644E2B95-4A51-457B-B3B2-564BC650D9CC}.Debug|Any CPU.ActiveCfg = Debug|Any CPU
		{644E2B95-4A51-457B-B3B2-564BC650D9CC}.Debug|Any CPU.Build.0 = Debug|Any CPU
		{644E2B95-4A51-457B-B3B2-564BC650D9CC}.Release|Any CPU.ActiveCfg = Release|Any CPU
		{644E2B95-4A51-457B-B3B2-564BC650D9CC}.Release|Any CPU.Build.0 = Release|Any CPU
		{580FF783-DCF2-4BC2-BBCD-FA81EA5EC173}.Debug|Any CPU.ActiveCfg = Debug|Any CPU
		{580FF783-DCF2-4BC2-BBCD-FA81EA5EC173}.Debug|Any CPU.Build.0 = Debug|Any CPU
		{580FF783-DCF2-4BC2-BBCD-FA81EA5EC173}.Release|Any CPU.ActiveCfg = Release|Any CPU
		{580FF783-DCF2-4BC2-BBCD-FA81EA5EC173}.Release|Any CPU.Build.0 = Release|Any CPU
	EndGlobalSection
EndGlobal
